
Microsoft Visual Studio Solution File, Format Version 12.00
# Visual Studio Version 17
VisualStudioVersion = 17.3.32929.385
MinimumVisualStudioVersion = 10.0.40219.1
Project("{9A19103F-16F7-4668-BE54-9A1E7A4F7556}") = "StringProcessor.Api", "StringProcessor.Api\StringProcessor.Api.csproj", "{52FAF201-7DF3-4B1D-BCA3-6B1B6DCB5BE5}"
EndProject
Project("{9A19103F-16F7-4668-BE54-9A1E7A4F7556}") = "StringProcessor.Cli", "StringProcessor.Cli\StringProcessor.Cli.csproj", "{C0E9D7DD-37A8-475B-82E4-40C78D106CA6}"
EndProject
Project("{FAE04EC0-301F-11D3-BF4B-00C04F79EFBC}") = "StringProcessor", "StringProcessor\StringProcessor.csproj", "{A2135136-4EA1-42EC-8C94-F0D075917733}"
EndProject
Global
	GlobalSection(SolutionConfigurationPlatforms) = preSolution
		Debug|Any CPU = Debug|Any CPU
		Release|Any CPU = Release|Any CPU
	EndGlobalSection
	GlobalSection(ProjectConfigurationPlatforms) = postSolution
		{52FAF201-7DF3-4B1D-BCA3-6B1B6DCB5BE5}.Debug|Any CPU.ActiveCfg = Debug|Any CPU
		{52FAF201-7DF3-4B1D-BCA3-6B1B6DCB5BE5}.Debug|Any CPU.Build.0 = Debug|Any CPU
		{52FAF201-7DF3-4B1D-BCA3-6B1B6DCB5BE5}.Release|Any CPU.ActiveCfg = Release|Any CPU
		{52FAF201-7DF3-4B1D-BCA3-6B1B6DCB5BE5}.Release|Any CPU.Build.0 = Release|Any CPU
		{C0E9D7DD-37A8-475B-82E4-40C78D106CA6}.Debug|Any CPU.ActiveCfg = Debug|Any CPU
		{C0E9D7DD-37A8-475B-82E4-40C78D106CA6}.Debug|Any CPU.Build.0 = Debug|Any CPU
		{C0E9D7DD-37A8-475B-82E4-40C78D106CA6}.Release|Any CPU.ActiveCfg = Release|Any CPU
		{C0E9D7DD-37A8-475B-82E4-40C78D106CA6}.Release|Any CPU.Build.0 = Release|Any CPU
		{A2135136-4EA1-42EC-8C94-F0D075917733}.Debug|Any CPU.ActiveCfg = Debug|Any CPU
		{A2135136-4EA1-42EC-8C94-F0D075917733}.Debug|Any CPU.Build.0 = Debug|Any CPU
		{A2135136-4EA1-42EC-8C94-F0D075917733}.Release|Any CPU.ActiveCfg = Release|Any CPU
		{A2135136-4EA1-42EC-8C94-F0D075917733}.Release|Any CPU.Build.0 = Release|Any CPU
	EndGlobalSection
	GlobalSection(SolutionProperties) = preSolution
		HideSolutionNode = FALSE
	EndGlobalSection
	GlobalSection(ExtensibilityGlobals) = postSolution
		SolutionGuid = {2D72E666-6355-4F34-9962-75B3DC738C22}
	EndGlobalSection
EndGlobal
